
Microsoft Visual Studio Solution File, Format Version 12.00
# Visual Studio Version 17
VisualStudioVersion = 17.5.002.0
MinimumVisualStudioVersion = 10.0.40219.1
Project("{9A19103F-16F7-4668-BE54-9A1E7A4F7556}") = "ExtraVert", "ExtraVert.csproj", "{5E36FD9A-9471-4E23-B9D8-92F41B5F8E25}"
EndProject
Global
	GlobalSection(SolutionConfigurationPlatforms) = preSolution
		Debug|Any CPU = Debug|Any CPU
		Release|Any CPU = Release|Any CPU
	EndGlobalSection
	GlobalSection(ProjectConfigurationPlatforms) = postSolution
		{5E36FD9A-9471-4E23-B9D8-92F41B5F8E25}.Debug|Any CPU.ActiveCfg = Debug|Any CPU
		{5E36FD9A-9471-4E23-B9D8-92F41B5F8E25}.Debug|Any CPU.Build.0 = Debug|Any CPU
		{5E36FD9A-9471-4E23-B9D8-92F41B5F8E25}.Release|Any CPU.ActiveCfg = Release|Any CPU
		{5E36FD9A-9471-4E23-B9D8-92F41B5F8E25}.Release|Any CPU.Build.0 = Release|Any CPU
	EndGlobalSection
	GlobalSection(SolutionProperties) = preSolution
		HideSolutionNode = FALSE
	EndGlobalSection
	GlobalSection(ExtensibilityGlobals) = postSolution
		SolutionGuid = {16A87512-7642-4027-957B-C3ED1FFE3DE1}
	EndGlobalSection
EndGlobal
